
Microsoft Visual Studio Solution File, Format Version 12.00
# Visual Studio Version 16
VisualStudioVersion = 16.0.31105.61
MinimumVisualStudioVersion = 10.0.40219.1
Project("{FAE04EC0-301F-11D3-BF4B-00C04F79EFBC}") = "Remote", "Remote\Remote.csproj", "{7C26D044-A886-44CB-8AF1-C2CDD20B696A}"
EndProject
Project("{FAE04EC0-301F-11D3-BF4B-00C04F79EFBC}") = "Local", "Local\Local.csproj", "{A137CC05-3416-4903-A718-64A521A47B16}"
EndProject
Global
	GlobalSection(SolutionConfigurationPlatforms) = preSolution
		Debug|Any CPU = Debug|Any CPU
		Release|Any CPU = Release|Any CPU
	EndGlobalSection
	GlobalSection(ProjectConfigurationPlatforms) = postSolution
		{7C26D044-A886-44CB-8AF1-C2CDD20B696A}.Debug|Any CPU.ActiveCfg = Debug|Any CPU
		{7C26D044-A886-44CB-8AF1-C2CDD20B696A}.Debug|Any CPU.Build.0 = Debug|Any CPU
		{7C26D044-A886-44CB-8AF1-C2CDD20B696A}.Release|Any CPU.ActiveCfg = Release|Any CPU
		{7C26D044-A886-44CB-8AF1-C2CDD20B696A}.Release|Any CPU.Build.0 = Release|Any CPU
		{A137CC05-3416-4903-A718-64A521A47B16}.Debug|Any CPU.ActiveCfg = Debug|Any CPU
		{A137CC05-3416-4903-A718-64A521A47B16}.Debug|Any CPU.Build.0 = Debug|Any CPU
		{A137CC05-3416-4903-A718-64A521A47B16}.Release|Any CPU.ActiveCfg = Release|Any CPU
		{A137CC05-3416-4903-A718-64A521A47B16}.Release|Any CPU.Build.0 = Release|Any CPU
	EndGlobalSection
	GlobalSection(SolutionProperties) = preSolution
		HideSolutionNode = FALSE
	EndGlobalSection
	GlobalSection(ExtensibilityGlobals) = postSolution
		SolutionGuid = {690A8CE1-C17B-48E7-9EE0-F30BA5CD0347}
	EndGlobalSection
EndGlobal
